
Microsoft Visual Studio Solution File, Format Version 12.00
# Visual Studio Version 16
VisualStudioVersion = 16.0.31424.327
MinimumVisualStudioVersion = 10.0.40219.1
Project("{FAE04EC0-301F-11D3-BF4B-00C04F79EFBC}") = "Market.Api", "Market.Api\Market.Api.csproj", "{92EAC955-F9C7-4971-BE88-F1778C967B76}"
EndProject
Project("{FAE04EC0-301F-11D3-BF4B-00C04F79EFBC}") = "SwaggerHubContractValidator", "SwaggerHubMockGenerator\SwaggerHubContractValidator.csproj", "{2CA462DA-0ADF-496E-8DC6-E4343E2E414E}"
EndProject
Project("{FAE04EC0-301F-11D3-BF4B-00C04F79EFBC}") = "Market.Api.Contract.Tests", "Market.Api.Contract.Tests\Market.Api.Contract.Tests.csproj", "{08F148D5-0CFB-4B13-AAD3-FCB2E171520B}"
EndProject
Global
	GlobalSection(SolutionConfigurationPlatforms) = preSolution
		Debug|Any CPU = Debug|Any CPU
		Release|Any CPU = Release|Any CPU
	EndGlobalSection
	GlobalSection(ProjectConfigurationPlatforms) = postSolution
		{92EAC955-F9C7-4971-BE88-F1778C967B76}.Debug|Any CPU.ActiveCfg = Debug|Any CPU
		{92EAC955-F9C7-4971-BE88-F1778C967B76}.Debug|Any CPU.Build.0 = Debug|Any CPU
		{92EAC955-F9C7-4971-BE88-F1778C967B76}.Release|Any CPU.ActiveCfg = Release|Any CPU
		{92EAC955-F9C7-4971-BE88-F1778C967B76}.Release|Any CPU.Build.0 = Release|Any CPU
		{2CA462DA-0ADF-496E-8DC6-E4343E2E414E}.Debug|Any CPU.ActiveCfg = Debug|Any CPU
		{2CA462DA-0ADF-496E-8DC6-E4343E2E414E}.Debug|Any CPU.Build.0 = Debug|Any CPU
		{2CA462DA-0ADF-496E-8DC6-E4343E2E414E}.Release|Any CPU.ActiveCfg = Release|Any CPU
		{2CA462DA-0ADF-496E-8DC6-E4343E2E414E}.Release|Any CPU.Build.0 = Release|Any CPU
		{08F148D5-0CFB-4B13-AAD3-FCB2E171520B}.Debug|Any CPU.ActiveCfg = Debug|Any CPU
		{08F148D5-0CFB-4B13-AAD3-FCB2E171520B}.Debug|Any CPU.Build.0 = Debug|Any CPU
		{08F148D5-0CFB-4B13-AAD3-FCB2E171520B}.Release|Any CPU.ActiveCfg = Release|Any CPU
		{08F148D5-0CFB-4B13-AAD3-FCB2E171520B}.Release|Any CPU.Build.0 = Release|Any CPU
	EndGlobalSection
	GlobalSection(SolutionProperties) = preSolution
		HideSolutionNode = FALSE
	EndGlobalSection
	GlobalSection(ExtensibilityGlobals) = postSolution
		SolutionGuid = {D497936F-D357-4899-B902-2101A7739C4D}
	EndGlobalSection
EndGlobal
